
Microsoft Visual Studio Solution File, Format Version 12.00
# Visual Studio Version 16
VisualStudioVersion = 16.0.30320.27
MinimumVisualStudioVersion = 10.0.40219.1
Project("{FAE04EC0-301F-11D3-BF4B-00C04F79EFBC}") = "Selenium Extensions", "Selenium Extensions\Selenium Extensions.csproj", "{F6682653-6030-44DA-B82A-491CA84200CB}"
EndProject
Global
	GlobalSection(SolutionConfigurationPlatforms) = preSolution
		Debug|Any CPU = Debug|Any CPU
		Release|Any CPU = Release|Any CPU
	EndGlobalSection
	GlobalSection(ProjectConfigurationPlatforms) = postSolution
		{F6682653-6030-44DA-B82A-491CA84200CB}.Debug|Any CPU.ActiveCfg = Debug|Any CPU
		{F6682653-6030-44DA-B82A-491CA84200CB}.Debug|Any CPU.Build.0 = Debug|Any CPU
		{F6682653-6030-44DA-B82A-491CA84200CB}.Release|Any CPU.ActiveCfg = Release|Any CPU
		{F6682653-6030-44DA-B82A-491CA84200CB}.Release|Any CPU.Build.0 = Release|Any CPU
	EndGlobalSection
	GlobalSection(SolutionProperties) = preSolution
		HideSolutionNode = FALSE
	EndGlobalSection
	GlobalSection(ExtensibilityGlobals) = postSolution
		SolutionGuid = {77205434-235B-46A1-94D5-AB8FBEF5C479}
	EndGlobalSection
EndGlobal
